// !$*UTF8*$!
{
	archiveVersion = 1;
	classes = {
	};
	objectVersion = 46;
	objects = {

/* Begin PBXBuildFile section */
		5F1E74D41E39102300A821BF /* main.cpp in Sources */ = {isa = PBXBuildFile; fileRef = 5F1E74D31E39102300A821BF /* main.cpp */; };
		5F1E74DC1E39106500A821BF /* OpenGL.framework in Frameworks */ = {isa = PBXBuildFile; fileRef = 5F1E74DB1E39106500A821BF /* OpenGL.framework */; };
		5F1E74DE1E39107F00A821BF /* libGLEW.a in Frameworks */ = {isa = PBXBuildFile; fileRef = 5F1E74DD1E39107F00A821BF /* libGLEW.a */; };
		5F1E74E01E39109400A821BF /* libGLSLPorgram.dylib in Frameworks */ = {isa = PBXBuildFile; fileRef = 5F1E74DF1E39109400A821BF /* libGLSLPorgram.dylib */; };
		5F1E74F51E39471500A821BF /* shape.cpp in Sources */ = {isa = PBXBuildFile; fileRef = 5F1E74F31E39471500A821BF /* shape.cpp */; };
/* End PBXBuildFile section */

/* Begin PBXCopyFilesBuildPhase section */
		5F1E74CE1E39102300A821BF /* CopyFiles */ = {
			isa = PBXCopyFilesBuildPhase;
			buildActionMask = 2147483647;
			dstPath = /usr/share/man/man1/;
			dstSubfolderSpec = 0;
			files = (
			);
			runOnlyForDeploymentPostprocessing = 1;
		};
/* End PBXCopyFilesBuildPhase section */

/* Begin PBXFileReference section */
		5F1E74D01E39102300A821BF /* OpenGLlession_2 */ = {isa = PBXFileReference; explicitFileType = "compiled.mach-o.executable"; includeInIndex = 0; path = OpenGLlession_2; sourceTree = BUILT_PRODUCTS_DIR; };
		5F1E74D31E39102300A821BF /* main.cpp */ = {isa = PBXFileReference; lastKnownFileType = sourcecode.cpp.cpp; path = main.cpp; sourceTree = "<group>"; };
		5F1E74DB1E39106500A821BF /* OpenGL.framework */ = {isa = PBXFileReference; lastKnownFileType = wrapper.framework; name = OpenGL.framework; path = System/Library/Frameworks/OpenGL.framework; sourceTree = SDKROOT; };
		5F1E74DD1E39107F00A821BF /* libGLEW.a */ = {isa = PBXFileReference; lastKnownFileType = archive.ar; name = libGLEW.a; path = ../../../../../usr/local/lib/libGLEW.a; sourceTree = "<group>"; };
		5F1E74DF1E39109400A821BF /* libGLSLPorgram.dylib */ = {isa = PBXFileReference; lastKnownFileType = "compiled.mach-o.dylib"; name = libGLSLPorgram.dylib; path = ../../../../../usr/local/lib/libGLSLPorgram.dylib; sourceTree = "<group>"; };
		5F1E74E11E39110300A821BF /* basic.frag */ = {isa = PBXFileReference; fileEncoding = 4; lastKnownFileType = sourcecode.glsl; path = basic.frag; sourceTree = "<group>"; };
		5F1E74E21E39110300A821BF /* basic.vert */ = {isa = PBXFileReference; fileEncoding = 4; lastKnownFileType = sourcecode.glsl; path = basic.vert; sourceTree = "<group>"; };
		5F1E74F31E39471500A821BF /* shape.cpp */ = {isa = PBXFileReference; fileEncoding = 4; lastKnownFileType = sourcecode.cpp.cpp; path = shape.cpp; sourceTree = "<group>"; };
		5F1E74F41E39471500A821BF /* shape.hpp */ = {isa = PBXFileReference; fileEncoding = 4; lastKnownFileType = sourcecode.cpp.h; path = shape.hpp; sourceTree = "<group>"; };
		5F1E74F61E39484600A821BF /* define.h */ = {isa = PBXFileReference; lastKnownFileType = sourcecode.c.h; path = define.h; sourceTree = "<group>"; };
		5FA0F50C1E3A309B00C68CEB /* ADSshading.vert */ = {isa = PBXFileReference; fileEncoding = 4; lastKnownFileType = sourcecode.glsl; path = ADSshading.vert; sourceTree = "<group>"; };
		5FA0F50D1E3A469700C68CEB /* ADSshading.frag */ = {isa = PBXFileReference; explicitFileType = sourcecode.glsl; fileEncoding = 4; path = ADSshading.frag; sourceTree = "<group>"; };
/* End PBXFileReference section */

/* Begin PBXFrameworksBuildPhase section */
		5F1E74CD1E39102300A821BF /* Frameworks */ = {
			isa = PBXFrameworksBuildPhase;
			buildActionMask = 2147483647;
			files = (
				5F1E74E01E39109400A821BF /* libGLSLPorgram.dylib in Frameworks */,
				5F1E74DE1E39107F00A821BF /* libGLEW.a in Frameworks */,
				5F1E74DC1E39106500A821BF /* OpenGL.framework in Frameworks */,
			);
			runOnlyForDeploymentPostprocessing = 0;
		};
/* End PBXFrameworksBuildPhase section */

/* Begin PBXGroup section */
		5F1E74C71E39102300A821BF = {
			isa = PBXGroup;
			children = (
				5F1E74D21E39102300A821BF /* OpenGLlession_2 */,
				5F1E74D11E39102300A821BF /* Products */,
				5F1E74DA1E39106500A821BF /* Frameworks */,
			);
			sourceTree = "<group>";
		};
		5F1E74D11E39102300A821BF /* Products */ = {
			isa = PBXGroup;
			children = (
				5F1E74D01E39102300A821BF /* OpenGLlession_2 */,
			);
			name = Products;
			sourceTree = "<group>";
		};
		5F1E74D21E39102300A821BF /* OpenGLlession_2 */ = {
			isa = PBXGroup;
			children = (
				5F1E74E11E39110300A821BF /* basic.frag */,
				5F1E74E21E39110300A821BF /* basic.vert */,
				5FA0F50C1E3A309B00C68CEB /* ADSshading.vert */,
				5F1E74D31E39102300A821BF /* main.cpp */,
				5F1E74F31E39471500A821BF /* shape.cpp */,
				5F1E74F41E39471500A821BF /* shape.hpp */,
				5F1E74F61E39484600A821BF /* define.h */,
				5FA0F50D1E3A469700C68CEB /* ADSshading.frag */,
			);
			path = OpenGLlession_2;
			sourceTree = "<group>";
		};
		5F1E74DA1E39106500A821BF /* Frameworks */ = {
			isa = PBXGroup;
			children = (
				5F1E74DF1E39109400A821BF /* libGLSLPorgram.dylib */,
				5F1E74DD1E39107F00A821BF /* libGLEW.a */,
				5F1E74DB1E39106500A821BF /* OpenGL.framework */,
			);
			name = Frameworks;
			sourceTree = "<group>";
		};
/* End PBXGroup section */

/* Begin PBXNativeTarget section */
		5F1E74CF1E39102300A821BF /* OpenGLlession_2 */ = {
			isa = PBXNativeTarget;
			buildConfigurationList = 5F1E74D71E39102300A821BF /* Build configuration list for PBXNativeTarget "OpenGLlession_2" */;
			buildPhases = (
				5F1E74CC1E39102300A821BF /* Sources */,
				5F1E74CD1E39102300A821BF /* Frameworks */,
				5F1E74CE1E39102300A821BF /* CopyFiles */,
			);
			buildRules = (
			);
			dependencies = (
			);
			name = OpenGLlession_2;
			productName = OpenGLlession_2;
			productReference = 5F1E74D01E39102300A821BF /* OpenGLlession_2 */;
			productType = "com.apple.product-type.tool";
		};
/* End PBXNativeTarget section */

/* Begin PBXProject section */
		5F1E74C81E39102300A821BF /* Project object */ = {
			isa = PBXProject;
			attributes = {
				LastUpgradeCheck = 0820;
				ORGANIZATIONNAME = lianyuzhe;
				TargetAttributes = {
					5F1E74CF1E39102300A821BF = {
						CreatedOnToolsVersion = 8.2;
						DevelopmentTeam = P88Z863L3Q;
						ProvisioningStyle = Automatic;
					};
				};
			};
			buildConfigurationList = 5F1E74CB1E39102300A821BF /* Build configuration list for PBXProject "OpenGLlession_2" */;
			compatibilityVersion = "Xcode 3.2";
			developmentRegion = English;
			hasScannedForEncodings = 0;
			knownRegions = (
				en,
			);
			mainGroup = 5F1E74C71E39102300A821BF;
			productRefGroup = 5F1E74D11E39102300A821BF /* Products */;
			projectDirPath = "";
			projectRoot = "";
			targets = (
				5F1E74CF1E39102300A821BF /* OpenGLlession_2 */,
			);
		};
/* End PBXProject section */

/* Begin PBXSourcesBuildPhase section */
		5F1E74CC1E39102300A821BF /* Sources */ = {
			isa = PBXSourcesBuildPhase;
			buildActionMask = 2147483647;
			files = (
				5F1E74D41E39102300A821BF /* main.cpp in Sources */,
				5F1E74F51E39471500A821BF /* shape.cpp in Sources */,
			);
			runOnlyForDeploymentPostprocessing = 0;
		};
/* End PBXSourcesBuildPhase section */

/* Begin XCBuildConfiguration section */
		5F1E74D51E39102300A821BF /* Debug */ = {
			isa = XCBuildConfiguration;
			buildSettings = {
				ALWAYS_SEARCH_USER_PATHS = NO;
				CLANG_ANALYZER_NONNULL = YES;
				CLANG_CXX_LANGUAGE_STANDARD = "gnu++0x";
				CLANG_CXX_LIBRARY = "libc++";
				CLANG_ENABLE_MODULES = YES;
				CLANG_ENABLE_OBJC_ARC = YES;
				CLANG_WARN_BOOL_CONVERSION = YES;
				CLANG_WARN_CONSTANT_CONVERSION = YES;
				CLANG_WARN_DIRECT_OBJC_ISA_USAGE = YES_ERROR;
				CLANG_WARN_DOCUMENTATION_COMMENTS = YES;
				CLANG_WARN_EMPTY_BODY = YES;
				CLANG_WARN_ENUM_CONVERSION = YES;
				CLANG_WARN_INFINITE_RECURSION = YES;
				CLANG_WARN_INT_CONVERSION = YES;
				CLANG_WARN_OBJC_ROOT_CLASS = YES_ERROR;
				CLANG_WARN_SUSPICIOUS_MOVE = YES;
				CLANG_WARN_UNREACHABLE_CODE = YES;
				CLANG_WARN__DUPLICATE_METHOD_MATCH = YES;
				CODE_SIGN_IDENTITY = "-";
				COPY_PHASE_STRIP = NO;
				DEBUG_INFORMATION_FORMAT = dwarf;
				ENABLE_STRICT_OBJC_MSGSEND = YES;
				ENABLE_TESTABILITY = YES;
				GCC_C_LANGUAGE_STANDARD = gnu99;
				GCC_DYNAMIC_NO_PIC = NO;
				GCC_NO_COMMON_BLOCKS = YES;
				GCC_OPTIMIZATION_LEVEL = 0;
				GCC_PREPROCESSOR_DEFINITIONS = (
					"DEBUG=1",
					"$(inherited)",
				);
				GCC_WARN_64_TO_32_BIT_CONVERSION = YES;
				GCC_WARN_ABOUT_RETURN_TYPE = YES_ERROR;
				GCC_WARN_UNDECLARED_SELECTOR = YES;
				GCC_WARN_UNINITIALIZED_AUTOS = YES_AGGRESSIVE;
				GCC_WARN_UNUSED_FUNCTION = YES;
				GCC_WARN_UNUSED_VARIABLE = YES;
				MACOSX_DEPLOYMENT_TARGET = 10.12;
				MTL_ENABLE_DEBUG_INFO = YES;
				ONLY_ACTIVE_ARCH = YES;
				SDKROOT = macosx;
			};
			name = Debug;
		};
		5F1E74D61E39102300A821BF /* Release */ = {
			isa = XCBuildConfiguration;
			buildSettings = {
				ALWAYS_SEARCH_USER_PATHS = NO;
				CLANG_ANALYZER_NONNULL = YES;
				CLANG_CXX_LANGUAGE_STANDARD = "gnu++0x";
				CLANG_CXX_LIBRARY = "libc++";
				CLANG_ENABLE_MODULES = YES;
				CLANG_ENABLE_OBJC_ARC = YES;
				CLANG_WARN_BOOL_CONVERSION = YES;
				CLANG_WARN_CONSTANT_CONVERSION = YES;
				CLANG_WARN_DIRECT_OBJC_ISA_USAGE = YES_ERROR;
				CLANG_WARN_DOCUMENTATION_COMMENTS = YES;
				CLANG_WARN_EMPTY_BODY = YES;
				CLANG_WARN_ENUM_CONVERSION = YES;
				CLANG_WARN_INFINITE_RECURSION = YES;
				CLANG_WARN_INT_CONVERSION = YES;
				CLANG_WARN_OBJC_ROOT_CLASS = YES_ERROR;
				CLANG_WARN_SUSPICIOUS_MOVE = YES;
				CLANG_WARN_UNREACHABLE_CODE = YES;
				CLANG_WARN__DUPLICATE_METHOD_MATCH = YES;
				CODE_SIGN_IDENTITY = "-";
				COPY_PHASE_STRIP = NO;
				DEBUG_INFORMATION_FORMAT = "dwarf-with-dsym";
				ENABLE_NS_ASSERTIONS = NO;
				ENABLE_STRICT_OBJC_MSGSEND = YES;
				GCC_C_LANGUAGE_STANDARD = gnu99;
				GCC_NO_COMMON_BLOCKS = YES;
				GCC_WARN_64_TO_32_BIT_CONVERSION = YES;
				GCC_WARN_ABOUT_RETURN_TYPE = YES_ERROR;
				GCC_WARN_UNDECLARED_SELECTOR = YES;
				GCC_WARN_UNINITIALIZED_AUTOS = YES_AGGRESSIVE;
				GCC_WARN_UNUSED_FUNCTION = YES;
				GCC_WARN_UNUSED_VARIABLE = YES;
				MACOSX_DEPLOYMENT_TARGET = 10.12;
				MTL_ENABLE_DEBUG_INFO = NO;
				SDKROOT = macosx;
			};
			name = Release;
		};
		5F1E74D81E39102300A821BF /* Debug */ = {
			isa = XCBuildConfiguration;
			buildSettings = {
				DEVELOPMENT_TEAM = P88Z863L3Q;
				HEADER_SEARCH_PATHS = (
					/usr/local/Cellar/glew/2.0.0/include/,
					"/Users/lianyuzhe/xcode\\ workspace/OpenGL/GLSLPorgram",
					/usr/local/Cellar/glfw3/3.2.1/include/,
					"$(glm)",
				);
				LIBRARY_SEARCH_PATHS = (
					/usr/local/Cellar/glew/2.0.0/lib,
					/usr/local/Cellar/freeimage/3.17.0/lib,
					/usr/local/Cellar/glfw3/3.2.1/lib,
					/usr/local/lib,
				);
				OTHER_LDFLAGS = (
					"-lGLEW",
					"-lfreeimage",
					"-lglfw3",
					"-lGLSLPorgram",
				);
				PRODUCT_NAME = "$(TARGET_NAME)";
			};
			name = Debug;
		};
		5F1E74D91E39102300A821BF /* Release */ = {
			isa = XCBuildConfiguration;
			buildSettings = {
				DEVELOPMENT_TEAM = P88Z863L3Q;
				HEADER_SEARCH_PATHS = (
					/usr/local/Cellar/glew/2.0.0/include/,
					"/Users/lianyuzhe/xcode\\ workspace/OpenGL/GLSLPorgram",
					/usr/local/Cellar/glfw3/3.2.1/include/,
					"$(glm)",
				);
				LIBRARY_SEARCH_PATHS = (
					/usr/local/Cellar/glew/2.0.0/lib,
					/usr/local/Cellar/freeimage/3.17.0/lib,
					/usr/local/Cellar/glfw3/3.2.1/lib,
					/usr/local/lib,
				);
				OTHER_LDFLAGS = (
					"-lGLEW",
					"-lfreeimage",
					"-lglfw3",
					"-lGLSLPorgram",
				);
				PRODUCT_NAME = "$(TARGET_NAME)";
			};
			name = Release;
		};
/* End XCBuildConfiguration section */

/* Begin XCConfigurationList section */
		5F1E74CB1E39102300A821BF /* Build configuration list for PBXProject "OpenGLlession_2" */ = {
			isa = XCConfigurationList;
			buildConfigurations = (
				5F1E74D51E39102300A821BF /* Debug */,
				5F1E74D61E39102300A821BF /* Release */,
			);
			defaultConfigurationIsVisible = 0;
			defaultConfigurationName = Release;
		};
		5F1E74D71E39102300A821BF /* Build configuration list for PBXNativeTarget "OpenGLlession_2" */ = {
			isa = XCConfigurationList;
			buildConfigurations = (
				5F1E74D81E39102300A821BF /* Debug */,
				5F1E74D91E39102300A821BF /* Release */,
			);
			defaultConfigurationIsVisible = 0;
			defaultConfigurationName = Release;
		};
/* End XCConfigurationList section */
	};
	rootObject = 5F1E74C81E39102300A821BF /* Project object */;
}
